// !$*UTF8*$!
{
	archiveVersion = 1;
	classes = {
	};
	objectVersion = 46;
	objects = {

/* Begin PBXBuildFile section */
		8D9FCB1B1AE06602006170FA /* AppDelegate.swift in Sources */ = {isa = PBXBuildFile; fileRef = 8D9FCB1A1AE06602006170FA /* AppDelegate.swift */; };
		8D9FCB201AE06602006170FA /* Main.storyboard in Resources */ = {isa = PBXBuildFile; fileRef = 8D9FCB1E1AE06602006170FA /* Main.storyboard */; };
		8D9FCB221AE06602006170FA /* Images.xcassets in Resources */ = {isa = PBXBuildFile; fileRef = 8D9FCB211AE06602006170FA /* Images.xcassets */; };
		8D9FCB251AE06602006170FA /* LaunchScreen.xib in Resources */ = {isa = PBXBuildFile; fileRef = 8D9FCB231AE06602006170FA /* LaunchScreen.xib */; };
		8D9FCB311AE06602006170FA /* KMnewsReaderTests.swift in Sources */ = {isa = PBXBuildFile; fileRef = 8D9FCB301AE06602006170FA /* KMnewsReaderTests.swift */; };
		8D9FCB3B1AE0674E006170FA /* KMNewsReaderTableViewController.swift in Sources */ = {isa = PBXBuildFile; fileRef = 8D9FCB3A1AE0674E006170FA /* KMNewsReaderTableViewController.swift */; };
		8D9FCB401AE08740006170FA /* news.xcdatamodeld in Sources */ = {isa = PBXBuildFile; fileRef = 8D9FCB3E1AE08740006170FA /* news.xcdatamodeld */; };
		8D9FCB421AE087AA006170FA /* News.swift in Sources */ = {isa = PBXBuildFile; fileRef = 8D9FCB411AE087AA006170FA /* News.swift */; };
/* End PBXBuildFile section */

/* Begin PBXContainerItemProxy section */
		8D9FCB2B1AE06602006170FA /* PBXContainerItemProxy */ = {
			isa = PBXContainerItemProxy;
			containerPortal = 8D9FCB0D1AE06601006170FA /* Project object */;
			proxyType = 1;
			remoteGlobalIDString = 8D9FCB141AE06601006170FA;
			remoteInfo = KMnewsReader;
		};
/* End PBXContainerItemProxy section */

/* Begin PBXFileReference section */
		8D9FCB151AE06601006170FA /* KMnewsReader.app */ = {isa = PBXFileReference; explicitFileType = wrapper.application; includeInIndex = 0; path = KMnewsReader.app; sourceTree = BUILT_PRODUCTS_DIR; };
		8D9FCB191AE06602006170FA /* Info.plist */ = {isa = PBXFileReference; lastKnownFileType = text.plist.xml; path = Info.plist; sourceTree = "<group>"; };
		8D9FCB1A1AE06602006170FA /* AppDelegate.swift */ = {isa = PBXFileReference; lastKnownFileType = sourcecode.swift; path = AppDelegate.swift; sourceTree = "<group>"; };
		8D9FCB1F1AE06602006170FA /* Base */ = {isa = PBXFileReference; lastKnownFileType = file.storyboard; name = Base; path = Base.lproj/Main.storyboard; sourceTree = "<group>"; };
		8D9FCB211AE06602006170FA /* Images.xcassets */ = {isa = PBXFileReference; lastKnownFileType = folder.assetcatalog; path = Images.xcassets; sourceTree = "<group>"; };
		8D9FCB241AE06602006170FA /* Base */ = {isa = PBXFileReference; lastKnownFileType = file.xib; name = Base; path = Base.lproj/LaunchScreen.xib; sourceTree = "<group>"; };
		8D9FCB2A1AE06602006170FA /* KMnewsReaderTests.xctest */ = {isa = PBXFileReference; explicitFileType = wrapper.cfbundle; includeInIndex = 0; path = KMnewsReaderTests.xctest; sourceTree = BUILT_PRODUCTS_DIR; };
		8D9FCB2F1AE06602006170FA /* Info.plist */ = {isa = PBXFileReference; lastKnownFileType = text.plist.xml; path = Info.plist; sourceTree = "<group>"; };
		8D9FCB301AE06602006170FA /* KMnewsReaderTests.swift */ = {isa = PBXFileReference; lastKnownFileType = sourcecode.swift; path = KMnewsReaderTests.swift; sourceTree = "<group>"; };
		8D9FCB3A1AE0674E006170FA /* KMNewsReaderTableViewController.swift */ = {isa = PBXFileReference; fileEncoding = 4; lastKnownFileType = sourcecode.swift; path = KMNewsReaderTableViewController.swift; sourceTree = "<group>"; };
		8D9FCB3F1AE08740006170FA /* news.xcdatamodel */ = {isa = PBXFileReference; lastKnownFileType = wrapper.xcdatamodel; path = news.xcdatamodel; sourceTree = "<group>"; };
		8D9FCB411AE087AA006170FA /* News.swift */ = {isa = PBXFileReference; fileEncoding = 4; lastKnownFileType = sourcecode.swift; path = News.swift; sourceTree = "<group>"; };
/* End PBXFileReference section */

/* Begin PBXFrameworksBuildPhase section */
		8D9FCB121AE06601006170FA /* Frameworks */ = {
			isa = PBXFrameworksBuildPhase;
			buildActionMask = 2147483647;
			files = (
			);
			runOnlyForDeploymentPostprocessing = 0;
		};
		8D9FCB271AE06602006170FA /* Frameworks */ = {
			isa = PBXFrameworksBuildPhase;
			buildActionMask = 2147483647;
			files = (
			);
			runOnlyForDeploymentPostprocessing = 0;
		};
/* End PBXFrameworksBuildPhase section */

/* Begin PBXGroup section */
		8D9FCB0C1AE06601006170FA = {
			isa = PBXGroup;
			children = (
				8D9FCB411AE087AA006170FA /* News.swift */,
				8D9FCB171AE06601006170FA /* KMnewsReader */,
				8D9FCB2D1AE06602006170FA /* KMnewsReaderTests */,
				8D9FCB161AE06601006170FA /* Products */,
			);
			sourceTree = "<group>";
		};
		8D9FCB161AE06601006170FA /* Products */ = {
			isa = PBXGroup;
			children = (
				8D9FCB151AE06601006170FA /* KMnewsReader.app */,
				8D9FCB2A1AE06602006170FA /* KMnewsReaderTests.xctest */,
			);
			name = Products;
			sourceTree = "<group>";
		};
		8D9FCB171AE06601006170FA /* KMnewsReader */ = {
			isa = PBXGroup;
			children = (
				8D9FCB1A1AE06602006170FA /* AppDelegate.swift */,
				8D9FCB3A1AE0674E006170FA /* KMNewsReaderTableViewController.swift */,
				8D9FCB1E1AE06602006170FA /* Main.storyboard */,
				8D9FCB3E1AE08740006170FA /* news.xcdatamodeld */,
				8D9FCB211AE06602006170FA /* Images.xcassets */,
				8D9FCB231AE06602006170FA /* LaunchScreen.xib */,
				8D9FCB181AE06601006170FA /* Supporting Files */,
			);
			path = KMnewsReader;
			sourceTree = "<group>";
		};
		8D9FCB181AE06601006170FA /* Supporting Files */ = {
			isa = PBXGroup;
			children = (
				8D9FCB191AE06602006170FA /* Info.plist */,
			);
			name = "Supporting Files";
			sourceTree = "<group>";
		};
		8D9FCB2D1AE06602006170FA /* KMnewsReaderTests */ = {
			isa = PBXGroup;
			children = (
				8D9FCB301AE06602006170FA /* KMnewsReaderTests.swift */,
				8D9FCB2E1AE06602006170FA /* Supporting Files */,
			);
			path = KMnewsReaderTests;
			sourceTree = "<group>";
		};
		8D9FCB2E1AE06602006170FA /* Supporting Files */ = {
			isa = PBXGroup;
			children = (
				8D9FCB2F1AE06602006170FA /* Info.plist */,
			);
			name = "Supporting Files";
			sourceTree = "<group>";
		};
/* End PBXGroup section */

/* Begin PBXNativeTarget section */
		8D9FCB141AE06601006170FA /* KMnewsReader */ = {
			isa = PBXNativeTarget;
			buildConfigurationList = 8D9FCB341AE06602006170FA /* Build configuration list for PBXNativeTarget "KMnewsReader" */;
			buildPhases = (
				8D9FCB111AE06601006170FA /* Sources */,
				8D9FCB121AE06601006170FA /* Frameworks */,
				8D9FCB131AE06601006170FA /* Resources */,
			);
			buildRules = (
			);
			dependencies = (
			);
			name = KMnewsReader;
			productName = KMnewsReader;
			productReference = 8D9FCB151AE06601006170FA /* KMnewsReader.app */;
			productType = "com.apple.product-type.application";
		};
		8D9FCB291AE06602006170FA /* KMnewsReaderTests */ = {
			isa = PBXNativeTarget;
			buildConfigurationList = 8D9FCB371AE06602006170FA /* Build configuration list for PBXNativeTarget "KMnewsReaderTests" */;
			buildPhases = (
				8D9FCB261AE06602006170FA /* Sources */,
				8D9FCB271AE06602006170FA /* Frameworks */,
				8D9FCB281AE06602006170FA /* Resources */,
			);
			buildRules = (
			);
			dependencies = (
				8D9FCB2C1AE06602006170FA /* PBXTargetDependency */,
			);
			name = KMnewsReaderTests;
			productName = KMnewsReaderTests;
			productReference = 8D9FCB2A1AE06602006170FA /* KMnewsReaderTests.xctest */;
			productType = "com.apple.product-type.bundle.unit-test";
		};
/* End PBXNativeTarget section */

/* Begin PBXProject section */
		8D9FCB0D1AE06601006170FA /* Project object */ = {
			isa = PBXProject;
			attributes = {
				LastUpgradeCheck = 0630;
				ORGANIZATIONNAME = "Fellas Group";
				TargetAttributes = {
					8D9FCB141AE06601006170FA = {
						CreatedOnToolsVersion = 6.3;
					};
					8D9FCB291AE06602006170FA = {
						CreatedOnToolsVersion = 6.3;
						TestTargetID = 8D9FCB141AE06601006170FA;
					};
				};
			};
			buildConfigurationList = 8D9FCB101AE06601006170FA /* Build configuration list for PBXProject "KMnewsReader" */;
			compatibilityVersion = "Xcode 3.2";
			developmentRegion = English;
			hasScannedForEncodings = 0;
			knownRegions = (
				en,
				Base,
			);
			mainGroup = 8D9FCB0C1AE06601006170FA;
			productRefGroup = 8D9FCB161AE06601006170FA /* Products */;
			projectDirPath = "";
			projectRoot = "";
			targets = (
				8D9FCB141AE06601006170FA /* KMnewsReader */,
				8D9FCB291AE06602006170FA /* KMnewsReaderTests */,
			);
		};
/* End PBXProject section */

/* Begin PBXResourcesBuildPhase section */
		8D9FCB131AE06601006170FA /* Resources */ = {
			isa = PBXResourcesBuildPhase;
			buildActionMask = 2147483647;
			files = (
				8D9FCB201AE06602006170FA /* Main.storyboard in Resources */,
				8D9FCB251AE06602006170FA /* LaunchScreen.xib in Resources */,
				8D9FCB221AE06602006170FA /* Images.xcassets in Resources */,
			);
			runOnlyForDeploymentPostprocessing = 0;
		};
		8D9FCB281AE06602006170FA /* Resources */ = {
			isa = PBXResourcesBuildPhase;
			buildActionMask = 2147483647;
			files = (
			);
			runOnlyForDeploymentPostprocessing = 0;
		};
/* End PBXResourcesBuildPhase section */

/* Begin PBXSourcesBuildPhase section */
		8D9FCB111AE06601006170FA /* Sources */ = {
			isa = PBXSourcesBuildPhase;
			buildActionMask = 2147483647;
			files = (
				8D9FCB1B1AE06602006170FA /* AppDelegate.swift in Sources */,
				8D9FCB3B1AE0674E006170FA /* KMNewsReaderTableViewController.swift in Sources */,
				8D9FCB421AE087AA006170FA /* News.swift in Sources */,
				8D9FCB401AE08740006170FA /* news.xcdatamodeld in Sources */,
			);
			runOnlyForDeploymentPostprocessing = 0;
		};
		8D9FCB261AE06602006170FA /* Sources */ = {
			isa = PBXSourcesBuildPhase;
			buildActionMask = 2147483647;
			files = (
				8D9FCB311AE06602006170FA /* KMnewsReaderTests.swift in Sources */,
			);
			runOnlyForDeploymentPostprocessing = 0;
		};
/* End PBXSourcesBuildPhase section */

/* Begin PBXTargetDependency section */
		8D9FCB2C1AE06602006170FA /* PBXTargetDependency */ = {
			isa = PBXTargetDependency;
			target = 8D9FCB141AE06601006170FA /* KMnewsReader */;
			targetProxy = 8D9FCB2B1AE06602006170FA /* PBXContainerItemProxy */;
		};
/* End PBXTargetDependency section */

/* Begin PBXVariantGroup section */
		8D9FCB1E1AE06602006170FA /* Main.storyboard */ = {
			isa = PBXVariantGroup;
			children = (
				8D9FCB1F1AE06602006170FA /* Base */,
			);
			name = Main.storyboard;
			sourceTree = "<group>";
		};
		8D9FCB231AE06602006170FA /* LaunchScreen.xib */ = {
			isa = PBXVariantGroup;
			children = (
				8D9FCB241AE06602006170FA /* Base */,
			);
			name = LaunchScreen.xib;
			sourceTree = "<group>";
		};
/* End PBXVariantGroup section */

/* Begin XCBuildConfiguration section */
		8D9FCB321AE06602006170FA /* Debug */ = {
			isa = XCBuildConfiguration;
			buildSettings = {
				ALWAYS_SEARCH_USER_PATHS = NO;
				CLANG_CXX_LANGUAGE_STANDARD = "gnu++0x";
				CLANG_CXX_LIBRARY = "libc++";
				CLANG_ENABLE_MODULES = YES;
				CLANG_ENABLE_OBJC_ARC = YES;
				CLANG_WARN_BOOL_CONVERSION = YES;
				CLANG_WARN_CONSTANT_CONVERSION = YES;
				CLANG_WARN_DIRECT_OBJC_ISA_USAGE = YES_ERROR;
				CLANG_WARN_EMPTY_BODY = YES;
				CLANG_WARN_ENUM_CONVERSION = YES;
				CLANG_WARN_INT_CONVERSION = YES;
				CLANG_WARN_OBJC_ROOT_CLASS = YES_ERROR;
				CLANG_WARN_UNREACHABLE_CODE = YES;
				CLANG_WARN__DUPLICATE_METHOD_MATCH = YES;
				"CODE_SIGN_IDENTITY[sdk=iphoneos*]" = "iPhone Developer";
				COPY_PHASE_STRIP = NO;
				DEBUG_INFORMATION_FORMAT = "dwarf-with-dsym";
				ENABLE_STRICT_OBJC_MSGSEND = YES;
				GCC_C_LANGUAGE_STANDARD = gnu99;
				GCC_DYNAMIC_NO_PIC = NO;
				GCC_NO_COMMON_BLOCKS = YES;
				GCC_OPTIMIZATION_LEVEL = 0;
				GCC_PREPROCESSOR_DEFINITIONS = (
					"DEBUG=1",
					"$(inherited)",
				);
				GCC_SYMBOLS_PRIVATE_EXTERN = NO;
				GCC_WARN_64_TO_32_BIT_CONVERSION = YES;
				GCC_WARN_ABOUT_RETURN_TYPE = YES_ERROR;
				GCC_WARN_UNDECLARED_SELECTOR = YES;
				GCC_WARN_UNINITIALIZED_AUTOS = YES_AGGRESSIVE;
				GCC_WARN_UNUSED_FUNCTION = YES;
				GCC_WARN_UNUSED_VARIABLE = YES;
				IPHONEOS_DEPLOYMENT_TARGET = 8.3;
				MTL_ENABLE_DEBUG_INFO = YES;
				ONLY_ACTIVE_ARCH = YES;
				SDKROOT = iphoneos;
				SWIFT_OPTIMIZATION_LEVEL = "-Onone";
			};
			name = Debug;
		};
		8D9FCB331AE06602006170FA /* Release */ = {
			isa = XCBuildConfiguration;
			buildSettings = {
				ALWAYS_SEARCH_USER_PATHS = NO;
				CLANG_CXX_LANGUAGE_STANDARD = "gnu++0x";
				CLANG_CXX_LIBRARY = "libc++";
				CLANG_ENABLE_MODULES = YES;
				CLANG_ENABLE_OBJC_ARC = YES;
				CLANG_WARN_BOOL_CONVERSION = YES;
				CLANG_WARN_CONSTANT_CONVERSION = YES;
				CLANG_WARN_DIRECT_OBJC_ISA_USAGE = YES_ERROR;
				CLANG_WARN_EMPTY_BODY = YES;
				CLANG_WARN_ENUM_CONVERSION = YES;
				CLANG_WARN_INT_CONVERSION = YES;
				CLANG_WARN_OBJC_ROOT_CLASS = YES_ERROR;
				CLANG_WARN_UNREACHABLE_CODE = YES;
				CLANG_WARN__DUPLICATE_METHOD_MATCH = YES;
				"CODE_SIGN_IDENTITY[sdk=iphoneos*]" = "iPhone Developer";
				COPY_PHASE_STRIP = NO;
				DEBUG_INFORMATION_FORMAT = "dwarf-with-dsym";
				ENABLE_NS_ASSERTIONS = NO;
				ENABLE_STRICT_OBJC_MSGSEND = YES;
				GCC_C_LANGUAGE_STANDARD = gnu99;
				GCC_NO_COMMON_BLOCKS = YES;
				GCC_WARN_64_TO_32_BIT_CONVERSION = YES;
				GCC_WARN_ABOUT_RETURN_TYPE = YES_ERROR;
				GCC_WARN_UNDECLARED_SELECTOR = YES;
				GCC_WARN_UNINITIALIZED_AUTOS = YES_AGGRESSIVE;
				GCC_WARN_UNUSED_FUNCTION = YES;
				GCC_WARN_UNUSED_VARIABLE = YES;
				IPHONEOS_DEPLOYMENT_TARGET = 8.3;
				MTL_ENABLE_DEBUG_INFO = NO;
				SDKROOT = iphoneos;
				VALIDATE_PRODUCT = YES;
			};
			name = Release;
		};
		8D9FCB351AE06602006170FA /* Debug */ = {
			isa = XCBuildConfiguration;
			buildSettings = {
				ASSETCATALOG_COMPILER_APPICON_NAME = AppIcon;
				INFOPLIST_FILE = KMnewsReader/Info.plist;
				LD_RUNPATH_SEARCH_PATHS = "$(inherited) @executable_path/Frameworks";
				PRODUCT_NAME = "$(TARGET_NAME)";
			};
			name = Debug;
		};
		8D9FCB361AE06602006170FA /* Release */ = {
			isa = XCBuildConfiguration;
			buildSettings = {
				ASSETCATALOG_COMPILER_APPICON_NAME = AppIcon;
				INFOPLIST_FILE = KMnewsReader/Info.plist;
				LD_RUNPATH_SEARCH_PATHS = "$(inherited) @executable_path/Frameworks";
				PRODUCT_NAME = "$(TARGET_NAME)";
			};
			name = Release;
		};
		8D9FCB381AE06602006170FA /* Debug */ = {
			isa = XCBuildConfiguration;
			buildSettings = {
				BUNDLE_LOADER = "$(TEST_HOST)";
				FRAMEWORK_SEARCH_PATHS = (
					"$(SDKROOT)/Developer/Library/Frameworks",
					"$(inherited)",
				);
				GCC_PREPROCESSOR_DEFINITIONS = (
					"DEBUG=1",
					"$(inherited)",
				);
				INFOPLIST_FILE = KMnewsReaderTests/Info.plist;
				LD_RUNPATH_SEARCH_PATHS = "$(inherited) @executable_path/Frameworks @loader_path/Frameworks";
				PRODUCT_NAME = "$(TARGET_NAME)";
				TEST_HOST = "$(BUILT_PRODUCTS_DIR)/KMnewsReader.app/KMnewsReader";
			};
			name = Debug;
		};
		8D9FCB391AE06602006170FA /* Release */ = {
			isa = XCBuildConfiguration;
			buildSettings = {
				BUNDLE_LOADER = "$(TEST_HOST)";
				FRAMEWORK_SEARCH_PATHS = (
					"$(SDKROOT)/Developer/Library/Frameworks",
					"$(inherited)",
				);
				INFOPLIST_FILE = KMnewsReaderTests/Info.plist;
				LD_RUNPATH_SEARCH_PATHS = "$(inherited) @executable_path/Frameworks @loader_path/Frameworks";
				PRODUCT_NAME = "$(TARGET_NAME)";
				TEST_HOST = "$(BUILT_PRODUCTS_DIR)/KMnewsReader.app/KMnewsReader";
			};
			name = Release;
		};
/* End XCBuildConfiguration section */

/* Begin XCConfigurationList section */
		8D9FCB101AE06601006170FA /* Build configuration list for PBXProject "KMnewsReader" */ = {
			isa = XCConfigurationList;
			buildConfigurations = (
				8D9FCB321AE06602006170FA /* Debug */,
				8D9FCB331AE06602006170FA /* Release */,
			);
			defaultConfigurationIsVisible = 0;
			defaultConfigurationName = Release;
		};
		8D9FCB341AE06602006170FA /* Build configuration list for PBXNativeTarget "KMnewsReader" */ = {
			isa = XCConfigurationList;
			buildConfigurations = (
				8D9FCB351AE06602006170FA /* Debug */,
				8D9FCB361AE06602006170FA /* Release */,
			);
			defaultConfigurationIsVisible = 0;
		};
		8D9FCB371AE06602006170FA /* Build configuration list for PBXNativeTarget "KMnewsReaderTests" */ = {
			isa = XCConfigurationList;
			buildConfigurations = (
				8D9FCB381AE06602006170FA /* Debug */,
				8D9FCB391AE06602006170FA /* Release */,
			);
			defaultConfigurationIsVisible = 0;
		};
/* End XCConfigurationList section */

/* Begin XCVersionGroup section */
		8D9FCB3E1AE08740006170FA /* news.xcdatamodeld */ = {
			isa = XCVersionGroup;
			children = (
				8D9FCB3F1AE08740006170FA /* news.xcdatamodel */,
			);
			currentVersion = 8D9FCB3F1AE08740006170FA /* news.xcdatamodel */;
			path = news.xcdatamodeld;
			sourceTree = "<group>";
			versionGroupType = wrapper.xcdatamodel;
		};
/* End XCVersionGroup section */
	};
	rootObject = 8D9FCB0D1AE06601006170FA /* Project object */;
}
